
Microsoft Visual Studio Solution File, Format Version 12.00
# Visual Studio Version 17
VisualStudioVersion = 17.10.34707.107
MinimumVisualStudioVersion = 10.0.40219.1
Project("{2150E333-8FDC-42A3-9474-1A3956D46DE8}") = "client", "client", "{3778CB07-EDB4-466D-B1D8-0D261444B8B6}"
EndProject
Project("{2150E333-8FDC-42A3-9474-1A3956D46DE8}") = "server", "server", "{C13F4858-B7DD-438C-8124-19A7EC15A5C9}"
EndProject
Project("{9A19103F-16F7-4668-BE54-9A1E7A4F7556}") = "CinemaHub.Infrastructure", "src\client\CinemaHub.Infrastructure\CinemaHub.Infrastructure.csproj", "{83553C5E-6641-475B-A29B-BCDAA19C3234}"
EndProject
Project("{9A19103F-16F7-4668-BE54-9A1E7A4F7556}") = "CinemaHub.WebUI", "src\client\CinemaHub.WebUI\CinemaHub.WebUI.csproj", "{828820DE-C9D3-427C-A44F-24E1B4A3A4EB}"
EndProject
Project("{9A19103F-16F7-4668-BE54-9A1E7A4F7556}") = "CinemaHub.API", "src\server\CinemaHub.API\CinemaHub.API.csproj", "{29788F72-3EA2-4606-92DC-D6B5ED7DDE58}"
EndProject
Project("{9A19103F-16F7-4668-BE54-9A1E7A4F7556}") = "CinemaHub.Domain", "src\server\CinemaHub.Domain\CinemaHub.Domain.csproj", "{65D63985-68F9-4E5B-8C31-0DB76F7BA0A5}"
EndProject
Project("{9A19103F-16F7-4668-BE54-9A1E7A4F7556}") = "CinemaHub.Repositories", "src\server\CinemaHub.Repositories\CinemaHub.Repositories.csproj", "{31CEF2EC-2F8B-4E7F-A40B-6CB0F1CB8EFD}"
EndProject
Global
	GlobalSection(SolutionConfigurationPlatforms) = preSolution
		Debug|Any CPU = Debug|Any CPU
		Release|Any CPU = Release|Any CPU
	EndGlobalSection
	GlobalSection(ProjectConfigurationPlatforms) = postSolution
		{83553C5E-6641-475B-A29B-BCDAA19C3234}.Debug|Any CPU.ActiveCfg = Debug|Any CPU
		{83553C5E-6641-475B-A29B-BCDAA19C3234}.Debug|Any CPU.Build.0 = Debug|Any CPU
		{83553C5E-6641-475B-A29B-BCDAA19C3234}.Release|Any CPU.ActiveCfg = Release|Any CPU
		{83553C5E-6641-475B-A29B-BCDAA19C3234}.Release|Any CPU.Build.0 = Release|Any CPU
		{828820DE-C9D3-427C-A44F-24E1B4A3A4EB}.Debug|Any CPU.ActiveCfg = Debug|Any CPU
		{828820DE-C9D3-427C-A44F-24E1B4A3A4EB}.Debug|Any CPU.Build.0 = Debug|Any CPU
		{828820DE-C9D3-427C-A44F-24E1B4A3A4EB}.Release|Any CPU.ActiveCfg = Release|Any CPU
		{828820DE-C9D3-427C-A44F-24E1B4A3A4EB}.Release|Any CPU.Build.0 = Release|Any CPU
		{29788F72-3EA2-4606-92DC-D6B5ED7DDE58}.Debug|Any CPU.ActiveCfg = Debug|Any CPU
		{29788F72-3EA2-4606-92DC-D6B5ED7DDE58}.Debug|Any CPU.Build.0 = Debug|Any CPU
		{29788F72-3EA2-4606-92DC-D6B5ED7DDE58}.Release|Any CPU.ActiveCfg = Release|Any CPU
		{29788F72-3EA2-4606-92DC-D6B5ED7DDE58}.Release|Any CPU.Build.0 = Release|Any CPU
		{65D63985-68F9-4E5B-8C31-0DB76F7BA0A5}.Debug|Any CPU.ActiveCfg = Debug|Any CPU
		{65D63985-68F9-4E5B-8C31-0DB76F7BA0A5}.Debug|Any CPU.Build.0 = Debug|Any CPU
		{65D63985-68F9-4E5B-8C31-0DB76F7BA0A5}.Release|Any CPU.ActiveCfg = Release|Any CPU
		{65D63985-68F9-4E5B-8C31-0DB76F7BA0A5}.Release|Any CPU.Build.0 = Release|Any CPU
		{31CEF2EC-2F8B-4E7F-A40B-6CB0F1CB8EFD}.Debug|Any CPU.ActiveCfg = Debug|Any CPU
		{31CEF2EC-2F8B-4E7F-A40B-6CB0F1CB8EFD}.Debug|Any CPU.Build.0 = Debug|Any CPU
		{31CEF2EC-2F8B-4E7F-A40B-6CB0F1CB8EFD}.Release|Any CPU.ActiveCfg = Release|Any CPU
		{31CEF2EC-2F8B-4E7F-A40B-6CB0F1CB8EFD}.Release|Any CPU.Build.0 = Release|Any CPU
	EndGlobalSection
	GlobalSection(SolutionProperties) = preSolution
		HideSolutionNode = FALSE
	EndGlobalSection
	GlobalSection(NestedProjects) = preSolution
		{83553C5E-6641-475B-A29B-BCDAA19C3234} = {3778CB07-EDB4-466D-B1D8-0D261444B8B6}
		{828820DE-C9D3-427C-A44F-24E1B4A3A4EB} = {3778CB07-EDB4-466D-B1D8-0D261444B8B6}
		{29788F72-3EA2-4606-92DC-D6B5ED7DDE58} = {C13F4858-B7DD-438C-8124-19A7EC15A5C9}
		{65D63985-68F9-4E5B-8C31-0DB76F7BA0A5} = {C13F4858-B7DD-438C-8124-19A7EC15A5C9}
		{31CEF2EC-2F8B-4E7F-A40B-6CB0F1CB8EFD} = {C13F4858-B7DD-438C-8124-19A7EC15A5C9}
	EndGlobalSection
	GlobalSection(ExtensibilityGlobals) = postSolution
		SolutionGuid = {DC6B9E24-3575-471E-875D-2F55BDFCE1D9}
	EndGlobalSection
EndGlobal
